{
  "meteor": {
    "git": "https://github.com/meteor/meteor.git",
    "branch": "master",
    "commit": "5d736d4bf0448c7db1f9b47124dfafc34a9631bb"
  },
  "dependencies": {
    "basePackages": {
      "paginated-subscription": {}
    },
    "packages": {
      "paginated-subscription": {
        "git": "https://github.com/tmeasday/meteor-paginated-subscription.git",
        "tag": "v0.1.1",
        "commit": "1ba670364ddac149f404158407b2afc89db42ce5"
      }
    }
  }
}
